// !$*UTF8*$!
{
	archiveVersion = 1;
	classes = {
	};
	objectVersion = 56;
	objects = {

/* Begin PBXBuildFile section */
		5EB9B3392B99C8DD002FADF5 /* main.swift in Sources */ = {isa = PBXBuildFile; fileRef = 5EB9B3382B99C8DD002FADF5 /* main.swift */; };
		5EB9B3402B99C9CA002FADF5 /*  Dispatching.swift in Sources */ = {isa = PBXBuildFile; fileRef = 5EB9B33F2B99C9CA002FADF5 /*  Dispatching.swift */; };
		5EB9B3532B9B29CA002FADF5 /* KVC_KVO.swift in Sources */ = {isa = PBXBuildFile; fileRef = 5EB9B3522B9B29CA002FADF5 /* KVC_KVO.swift */; };
		5ED3FCF52BBDD42B00F24521 /* swizzle.swift in Sources */ = {isa = PBXBuildFile; fileRef = 5ED3FCF42BBDD42B00F24521 /* swizzle.swift */; };
		5EE3DDF12BAB780D003F7686 /* swift_release.swift in Sources */ = {isa = PBXBuildFile; fileRef = 5EE3DDF02BAB780D003F7686 /* swift_release.swift */; };
		5EE3DDF32BAB7DFE003F7686 /* message_forwarding.swift in Sources */ = {isa = PBXBuildFile; fileRef = 5EE3DDF22BAB7DFE003F7686 /* message_forwarding.swift */; };
		5EE3DDF52BAB837A003F7686 /* reflecting.swift in Sources */ = {isa = PBXBuildFile; fileRef = 5EE3DDF42BAB837A003F7686 /* reflecting.swift */; };
/* End PBXBuildFile section */

/* Begin PBXCopyFilesBuildPhase section */
		5EB9B3332B99C8DD002FADF5 /* CopyFiles */ = {
			isa = PBXCopyFilesBuildPhase;
			buildActionMask = 2147483647;
			dstPath = /usr/share/man/man1/;
			dstSubfolderSpec = 0;
			files = (
			);
			runOnlyForDeploymentPostprocessing = 1;
		};
/* End PBXCopyFilesBuildPhase section */

/* Begin PBXFileReference section */
		5EB9B3352B99C8DD002FADF5 /* commanDis */ = {isa = PBXFileReference; explicitFileType = "compiled.mach-o.executable"; includeInIndex = 0; path = commanDis; sourceTree = BUILT_PRODUCTS_DIR; };
		5EB9B3382B99C8DD002FADF5 /* main.swift */ = {isa = PBXFileReference; lastKnownFileType = sourcecode.swift; path = main.swift; sourceTree = "<group>"; };
		5EB9B33F2B99C9CA002FADF5 /*  Dispatching.swift */ = {isa = PBXFileReference; lastKnownFileType = sourcecode.swift; path = " Dispatching.swift"; sourceTree = "<group>"; };
		5EB9B3522B9B29CA002FADF5 /* KVC_KVO.swift */ = {isa = PBXFileReference; lastKnownFileType = sourcecode.swift; path = KVC_KVO.swift; sourceTree = "<group>"; };
		5ED3FCF42BBDD42B00F24521 /* swizzle.swift */ = {isa = PBXFileReference; lastKnownFileType = sourcecode.swift; path = swizzle.swift; sourceTree = "<group>"; };
		5EE3DDF02BAB780D003F7686 /* swift_release.swift */ = {isa = PBXFileReference; lastKnownFileType = sourcecode.swift; path = swift_release.swift; sourceTree = "<group>"; };
		5EE3DDF22BAB7DFE003F7686 /* message_forwarding.swift */ = {isa = PBXFileReference; lastKnownFileType = sourcecode.swift; path = message_forwarding.swift; sourceTree = "<group>"; };
		5EE3DDF42BAB837A003F7686 /* reflecting.swift */ = {isa = PBXFileReference; lastKnownFileType = sourcecode.swift; path = reflecting.swift; sourceTree = "<group>"; };
/* End PBXFileReference section */

/* Begin PBXFrameworksBuildPhase section */
		5EB9B3322B99C8DD002FADF5 /* Frameworks */ = {
			isa = PBXFrameworksBuildPhase;
			buildActionMask = 2147483647;
			files = (
			);
			runOnlyForDeploymentPostprocessing = 0;
		};
/* End PBXFrameworksBuildPhase section */

/* Begin PBXGroup section */
		5EB9B32C2B99C8DD002FADF5 = {
			isa = PBXGroup;
			children = (
				5EB9B3372B99C8DD002FADF5 /* commanDis */,
				5EB9B3362B99C8DD002FADF5 /* Products */,
			);
			sourceTree = "<group>";
		};
		5EB9B3362B99C8DD002FADF5 /* Products */ = {
			isa = PBXGroup;
			children = (
				5EB9B3352B99C8DD002FADF5 /* commanDis */,
			);
			name = Products;
			sourceTree = "<group>";
		};
		5EB9B3372B99C8DD002FADF5 /* commanDis */ = {
			isa = PBXGroup;
			children = (
				5EB9B3512B9B299F002FADF5 /* Runtime */,
				5EB9B3382B99C8DD002FADF5 /* main.swift */,
				5EB9B33F2B99C9CA002FADF5 /*  Dispatching.swift */,
			);
			path = commanDis;
			sourceTree = "<group>";
		};
		5EB9B3512B9B299F002FADF5 /* Runtime */ = {
			isa = PBXGroup;
			children = (
				5EB9B3522B9B29CA002FADF5 /* KVC_KVO.swift */,
				5EE3DDF02BAB780D003F7686 /* swift_release.swift */,
				5EE3DDF22BAB7DFE003F7686 /* message_forwarding.swift */,
				5EE3DDF42BAB837A003F7686 /* reflecting.swift */,
				5ED3FCF42BBDD42B00F24521 /* swizzle.swift */,
			);
			path = Runtime;
			sourceTree = "<group>";
		};
/* End PBXGroup section */

/* Begin PBXNativeTarget section */
		5EB9B3342B99C8DD002FADF5 /* commanDis */ = {
			isa = PBXNativeTarget;
			buildConfigurationList = 5EB9B33C2B99C8DD002FADF5 /* Build configuration list for PBXNativeTarget "commanDis" */;
			buildPhases = (
				5EB9B3312B99C8DD002FADF5 /* Sources */,
				5EB9B3322B99C8DD002FADF5 /* Frameworks */,
				5EB9B3332B99C8DD002FADF5 /* CopyFiles */,
			);
			buildRules = (
			);
			dependencies = (
			);
			name = commanDis;
			productName = commanDis;
			productReference = 5EB9B3352B99C8DD002FADF5 /* commanDis */;
			productType = "com.apple.product-type.tool";
		};
/* End PBXNativeTarget section */

/* Begin PBXProject section */
		5EB9B32D2B99C8DD002FADF5 /* Project object */ = {
			isa = PBXProject;
			attributes = {
				BuildIndependentTargetsInParallel = 1;
				LastSwiftUpdateCheck = 1500;
				LastUpgradeCheck = 1500;
				TargetAttributes = {
					5EB9B3342B99C8DD002FADF5 = {
						CreatedOnToolsVersion = 15.0;
					};
				};
			};
			buildConfigurationList = 5EB9B3302B99C8DD002FADF5 /* Build configuration list for PBXProject "commanDis" */;
			compatibilityVersion = "Xcode 14.0";
			developmentRegion = en;
			hasScannedForEncodings = 0;
			knownRegions = (
				en,
				Base,
			);
			mainGroup = 5EB9B32C2B99C8DD002FADF5;
			productRefGroup = 5EB9B3362B99C8DD002FADF5 /* Products */;
			projectDirPath = "";
			projectRoot = "";
			targets = (
				5EB9B3342B99C8DD002FADF5 /* commanDis */,
			);
		};
/* End PBXProject section */

/* Begin PBXSourcesBuildPhase section */
		5EB9B3312B99C8DD002FADF5 /* Sources */ = {
			isa = PBXSourcesBuildPhase;
			buildActionMask = 2147483647;
			files = (
				5EE3DDF12BAB780D003F7686 /* swift_release.swift in Sources */,
				5EB9B3402B99C9CA002FADF5 /*  Dispatching.swift in Sources */,
				5EE3DDF52BAB837A003F7686 /* reflecting.swift in Sources */,
				5EB9B3392B99C8DD002FADF5 /* main.swift in Sources */,
				5EB9B3532B9B29CA002FADF5 /* KVC_KVO.swift in Sources */,
				5ED3FCF52BBDD42B00F24521 /* swizzle.swift in Sources */,
				5EE3DDF32BAB7DFE003F7686 /* message_forwarding.swift in Sources */,
			);
			runOnlyForDeploymentPostprocessing = 0;
		};
/* End PBXSourcesBuildPhase section */

/* Begin XCBuildConfiguration section */
		5EB9B33A2B99C8DD002FADF5 /* Debug */ = {
			isa = XCBuildConfiguration;
			buildSettings = {
				ALWAYS_SEARCH_USER_PATHS = NO;
				ASSETCATALOG_COMPILER_GENERATE_SWIFT_ASSET_SYMBOL_EXTENSIONS = YES;
				CLANG_ANALYZER_NONNULL = YES;
				CLANG_ANALYZER_NUMBER_OBJECT_CONVERSION = YES_AGGRESSIVE;
				CLANG_CXX_LANGUAGE_STANDARD = "gnu++20";
				CLANG_ENABLE_MODULES = YES;
				CLANG_ENABLE_OBJC_ARC = YES;
				CLANG_ENABLE_OBJC_WEAK = YES;
				CLANG_WARN_BLOCK_CAPTURE_AUTORELEASING = YES;
				CLANG_WARN_BOOL_CONVERSION = YES;
				CLANG_WARN_COMMA = YES;
				CLANG_WARN_CONSTANT_CONVERSION = YES;
				CLANG_WARN_DEPRECATED_OBJC_IMPLEMENTATIONS = YES;
				CLANG_WARN_DIRECT_OBJC_ISA_USAGE = YES_ERROR;
				CLANG_WARN_DOCUMENTATION_COMMENTS = YES;
				CLANG_WARN_EMPTY_BODY = YES;
				CLANG_WARN_ENUM_CONVERSION = YES;
				CLANG_WARN_INFINITE_RECURSION = YES;
				CLANG_WARN_INT_CONVERSION = YES;
				CLANG_WARN_NON_LITERAL_NULL_CONVERSION = YES;
				CLANG_WARN_OBJC_IMPLICIT_RETAIN_SELF = YES;
				CLANG_WARN_OBJC_LITERAL_CONVERSION = YES;
				CLANG_WARN_OBJC_ROOT_CLASS = YES_ERROR;
				CLANG_WARN_QUOTED_INCLUDE_IN_FRAMEWORK_HEADER = YES;
				CLANG_WARN_RANGE_LOOP_ANALYSIS = YES;
				CLANG_WARN_STRICT_PROTOTYPES = YES;
				CLANG_WARN_SUSPICIOUS_MOVE = YES;
				CLANG_WARN_UNGUARDED_AVAILABILITY = YES_AGGRESSIVE;
				CLANG_WARN_UNREACHABLE_CODE = YES;
				CLANG_WARN__DUPLICATE_METHOD_MATCH = YES;
				COPY_PHASE_STRIP = NO;
				DEBUG_INFORMATION_FORMAT = dwarf;
				ENABLE_STRICT_OBJC_MSGSEND = YES;
				ENABLE_TESTABILITY = YES;
				ENABLE_USER_SCRIPT_SANDBOXING = YES;
				GCC_C_LANGUAGE_STANDARD = gnu17;
				GCC_DYNAMIC_NO_PIC = NO;
				GCC_NO_COMMON_BLOCKS = YES;
				GCC_OPTIMIZATION_LEVEL = 0;
				GCC_PREPROCESSOR_DEFINITIONS = (
					"DEBUG=1",
					"$(inherited)",
				);
				GCC_WARN_64_TO_32_BIT_CONVERSION = YES;
				GCC_WARN_ABOUT_RETURN_TYPE = YES_ERROR;
				GCC_WARN_UNDECLARED_SELECTOR = YES;
				GCC_WARN_UNINITIALIZED_AUTOS = YES_AGGRESSIVE;
				GCC_WARN_UNUSED_FUNCTION = YES;
				GCC_WARN_UNUSED_VARIABLE = YES;
				LOCALIZATION_PREFERS_STRING_CATALOGS = YES;
				MACOSX_DEPLOYMENT_TARGET = 13.5;
				MTL_ENABLE_DEBUG_INFO = INCLUDE_SOURCE;
				MTL_FAST_MATH = YES;
				ONLY_ACTIVE_ARCH = YES;
				SDKROOT = macosx;
				SWIFT_ACTIVE_COMPILATION_CONDITIONS = "DEBUG $(inherited)";
				SWIFT_OPTIMIZATION_LEVEL = "-Onone";
			};
			name = Debug;
		};
		5EB9B33B2B99C8DD002FADF5 /* Release */ = {
			isa = XCBuildConfiguration;
			buildSettings = {
				ALWAYS_SEARCH_USER_PATHS = NO;
				ASSETCATALOG_COMPILER_GENERATE_SWIFT_ASSET_SYMBOL_EXTENSIONS = YES;
				CLANG_ANALYZER_NONNULL = YES;
				CLANG_ANALYZER_NUMBER_OBJECT_CONVERSION = YES_AGGRESSIVE;
				CLANG_CXX_LANGUAGE_STANDARD = "gnu++20";
				CLANG_ENABLE_MODULES = YES;
				CLANG_ENABLE_OBJC_ARC = YES;
				CLANG_ENABLE_OBJC_WEAK = YES;
				CLANG_WARN_BLOCK_CAPTURE_AUTORELEASING = YES;
				CLANG_WARN_BOOL_CONVERSION = YES;
				CLANG_WARN_COMMA = YES;
				CLANG_WARN_CONSTANT_CONVERSION = YES;
				CLANG_WARN_DEPRECATED_OBJC_IMPLEMENTATIONS = YES;
				CLANG_WARN_DIRECT_OBJC_ISA_USAGE = YES_ERROR;
				CLANG_WARN_DOCUMENTATION_COMMENTS = YES;
				CLANG_WARN_EMPTY_BODY = YES;
				CLANG_WARN_ENUM_CONVERSION = YES;
				CLANG_WARN_INFINITE_RECURSION = YES;
				CLANG_WARN_INT_CONVERSION = YES;
				CLANG_WARN_NON_LITERAL_NULL_CONVERSION = YES;
				CLANG_WARN_OBJC_IMPLICIT_RETAIN_SELF = YES;
				CLANG_WARN_OBJC_LITERAL_CONVERSION = YES;
				CLANG_WARN_OBJC_ROOT_CLASS = YES_ERROR;
				CLANG_WARN_QUOTED_INCLUDE_IN_FRAMEWORK_HEADER = YES;
				CLANG_WARN_RANGE_LOOP_ANALYSIS = YES;
				CLANG_WARN_STRICT_PROTOTYPES = YES;
				CLANG_WARN_SUSPICIOUS_MOVE = YES;
				CLANG_WARN_UNGUARDED_AVAILABILITY = YES_AGGRESSIVE;
				CLANG_WARN_UNREACHABLE_CODE = YES;
				CLANG_WARN__DUPLICATE_METHOD_MATCH = YES;
				COPY_PHASE_STRIP = NO;
				DEBUG_INFORMATION_FORMAT = "dwarf-with-dsym";
				ENABLE_NS_ASSERTIONS = NO;
				ENABLE_STRICT_OBJC_MSGSEND = YES;
				ENABLE_USER_SCRIPT_SANDBOXING = YES;
				GCC_C_LANGUAGE_STANDARD = gnu17;
				GCC_NO_COMMON_BLOCKS = YES;
				GCC_WARN_64_TO_32_BIT_CONVERSION = YES;
				GCC_WARN_ABOUT_RETURN_TYPE = YES_ERROR;
				GCC_WARN_UNDECLARED_SELECTOR = YES;
				GCC_WARN_UNINITIALIZED_AUTOS = YES_AGGRESSIVE;
				GCC_WARN_UNUSED_FUNCTION = YES;
				GCC_WARN_UNUSED_VARIABLE = YES;
				LOCALIZATION_PREFERS_STRING_CATALOGS = YES;
				MACOSX_DEPLOYMENT_TARGET = 13.5;
				MTL_ENABLE_DEBUG_INFO = NO;
				MTL_FAST_MATH = YES;
				SDKROOT = macosx;
				SWIFT_COMPILATION_MODE = wholemodule;
			};
			name = Release;
		};
		5EB9B33D2B99C8DD002FADF5 /* Debug */ = {
			isa = XCBuildConfiguration;
			buildSettings = {
				CODE_SIGN_STYLE = Automatic;
				DEVELOPMENT_TEAM = QT2PNRUZLR;
				ENABLE_HARDENED_RUNTIME = YES;
				PRODUCT_NAME = "$(TARGET_NAME)";
				SWIFT_VERSION = 5.0;
			};
			name = Debug;
		};
		5EB9B33E2B99C8DD002FADF5 /* Release */ = {
			isa = XCBuildConfiguration;
			buildSettings = {
				CODE_SIGN_STYLE = Automatic;
				DEVELOPMENT_TEAM = QT2PNRUZLR;
				ENABLE_HARDENED_RUNTIME = YES;
				PRODUCT_NAME = "$(TARGET_NAME)";
				SWIFT_VERSION = 5.0;
			};
			name = Release;
		};
/* End XCBuildConfiguration section */

/* Begin XCConfigurationList section */
		5EB9B3302B99C8DD002FADF5 /* Build configuration list for PBXProject "commanDis" */ = {
			isa = XCConfigurationList;
			buildConfigurations = (
				5EB9B33A2B99C8DD002FADF5 /* Debug */,
				5EB9B33B2B99C8DD002FADF5 /* Release */,
			);
			defaultConfigurationIsVisible = 0;
			defaultConfigurationName = Release;
		};
		5EB9B33C2B99C8DD002FADF5 /* Build configuration list for PBXNativeTarget "commanDis" */ = {
			isa = XCConfigurationList;
			buildConfigurations = (
				5EB9B33D2B99C8DD002FADF5 /* Debug */,
				5EB9B33E2B99C8DD002FADF5 /* Release */,
			);
			defaultConfigurationIsVisible = 0;
			defaultConfigurationName = Release;
		};
/* End XCConfigurationList section */
	};
	rootObject = 5EB9B32D2B99C8DD002FADF5 /* Project object */;
}
